github.com/bwmarrin/discordgo v0.19.0 h1:kMED/DB0NR1QhRcalb85w0Cu3Ep2OrGAqZH1R5awQiY=
github.com/bwmarrin/discordgo v0.19.0/go.mod h1:O9S4p+ofTFwB02em7jkpkV8M3R0/PUVOwN61zSZ0r4Q=
github.com/gorilla/websocket v1.4.0 h1:WDFjx/TMzVgy9VdMMQi2K2Emtwi2QcUQsztZ/zLaH/Q=
github.com/gorilla/websocket v1.4.0/go.mod h1:E7qHFY5m1UJ88s3WnNqhKjPHQ0heANvMoAMk2YaljkQ=
github.com/lib/pq v1.1.1 h1:sJZmqHoEaY7f+NPP8pgLB/WxulyR3fewgCM2qaSlBb4=
github.com/lib/pq v1.1.1/go.mod h1:5WUZQaWbwv1U+lTReE5YruASi9Al49XbQIvNi/34Woo=
github.com/pajbot/basecommand v1.0.0 h1:nKILSznDyfaKgYt9nQC6BNqV/SEfJmhqcqfKf/EWaqM=
github.com/pajbot/basecommand v1.0.0/go.mod h1:J+EHNWn8v9MR3JzTftMfgDN7fO4PgU1hIYVwLbUbO+M=
github.com/pajbot/commandmatcher v1.0.0 h1:ThhFXRHx1X3gKcCkHGOVtxi+iRgE7Os+/dk9CapIWFE=
github.com/pajbot/commandmatcher v1.0.0/go.mod h1:kZzeHeGqmDvWxQP3pB6KrvaPbMEVIyeJycMoQpkpOZ0=
github.com/pajbot/testhelper v1.0.0 h1:C6OxLN1O5u70voShcra5hPOAgtykHNmtoNmu1T+yDRI=
github.com/pajbot/testhelper v1.0.0/go.mod h1:Fdyg8LEqetKOAWe1QF8nXRiyxz/ijoPnOEJ4oc0IRSw=
github.com/pajbot/utils v0.0.0-20190525195426-6531d61d5900 h1:iYhXvki+7JEidHQEoVLbNJYVy86qVdkPYfvRvHIWm0w=
github.com/pajbot/utils v0.0.0-20190525195426-6531d61d5900/go.mod h1:lLYJXlC7fGL4FYvdZk+IQerV5zgwerjIsKDUJNb7LuE=
github.com/pajlada/lidl-normalize v0.0.0-20180520094422-e6eb1186f156 h1:gM90lglyDaP+A0qclA3q8jCELnhHyb5EDvGCg649Di0=
github.com/pajlada/lidl-normalize v0.0.0-20180520094422-e6eb1186f156/go.mod h1:ZwY6Ly1huS7aYfv8dH8tzbaBPwL/ZBgo2EsGiMifLA4=
github.com/pajlada/stupidmigration v0.0.0-20190210111805-ed60e42e8f73 h1:d9p3XimwwVQo02MMg1To/3M0SqPAtExM/rfenN8HZAE=
github.com/pajlada/stupidmigration v0.0.0-20190210111805-ed60e42e8f73/go.mod h1:MlMPBFutvqC6T4IjgTd+UZZWKRKCZz/3n5bbMrZar78=
golang.org/x/crypto v0.0.0-20181030102418-4d3f4d9ffa16/go.mod h1:6SG95UA2DQfeDnfUPMdvaQW0Q7yPrPDi9nlGo2tz2b4=
golang.org/x/crypto v0.0.0-20190308221718-c2843e01d9a2 h1:VklqNMn3ovrHsnt90PveolxSbWFaJdECFbxSq0Mqo2M=
golang.org/x/crypto v0.0.0-20190308221718-c2843e01d9a2/go.mod h1:djNgcEr1/C05ACkg1iLfiJU5Ep61QUkGW8qpdssI0+w=
golang.org/x/crypto v0.0.0-20190618222545-ea8f1a30c443 h1:IcSOAf4PyMp3U3XbIEj1/xJ2BjNN2jWv7JoyOsMxXUU=
golang.org/x/crypto v0.0.0-20190618222545-ea8f1a30c443/go.mod h1:yigFU9vqHzYiE8UmvKecakEJjdnWj3jj499lnFckfCI=
golang.org/x/net v0.0.0-20190404232315-eb5bcb51f2a3/go.mod h1:t9HGtf8HONx5eT2rtn7q6eTqICYqUVnKs3thJo3Qplg=
golang.org/x/sys v0.0.0-20190215142949-d0b11bdaac8a/go.mod h1:STP8DvDyc/dI5b8T5hshtkjS+E42TnysNCUPdjciGhY=
golang.org/x/sys v0.0.0-20190412213103-97732733099d/go.mod h1:h1NjWce9XRLGQEsW7wpKNCjG9DtNlClVuFLEZdDNbEs=
golang.org/x/sys v0.0.0-20190620070143-6f217b454f45 h1:Dl2hc890lrizvUppGbRWhnIh2f8jOTCQpY5IKWRS0oM=
golang.org/x/sys v0.0.0-20190620070143-6f217b454f45/go.mod h1:h1NjWce9XRLGQEsW7wpKNCjG9DtNlClVuFLEZdDNbEs=
golang.org/x/text v0.3.0 h1:g61tztE5qeGQ89tm6NTjjM9VPIm088od1l6aSorWRWg=
golang.org/x/text v0.3.0/go.mod h1:NqM8EUOU14njkJ3fqMW+pc6Ldnwhi/IjpwHt7yyuwOQ=
golang.org/x/text v0.3.2 h1:tW2bmiBqwgJj/UpqtC8EpXEZVYOwU0yG4iWbprSVAcs=
golang.org/x/text v0.3.2/go.mod h1:bEr9sfX3Q8Zfm5fL9x+3itogRgK3+ptLWKqgva+5dAk=
golang.org/x/tools v0.0.0-20180917221912-90fa682c2a6e/go.mod h1:n7NCudcB/nEzxVGmLbDWY5pfWTLqBcC2KZ6jyYvM4mQ=
